
Microsoft Visual Studio Solution File, Format Version 12.00
# Visual Studio Version 17
VisualStudioVersion = 17.8.34330.188
MinimumVisualStudioVersion = 10.0.40219.1
Project("{9A19103F-16F7-4668-BE54-9A1E7A4F7556}") = "StudentManagement", "StudentManagement.csproj", "{45FEFA79-4733-4C8A-AD67-59A6702B9BD2}"
EndProject
Project("{FAE04EC0-301F-11D3-BF4B-00C04F79EFBC}") = "StudentManagmrnt", "..\StudentManagmrnt\StudentManagmrnt.csproj", "{8D04B04F-1D7F-4F46-AF4F-A67B6C594DC9}"
EndProject
Global
	GlobalSection(SolutionConfigurationPlatforms) = preSolution
		Debug|Any CPU = Debug|Any CPU
		Release|Any CPU = Release|Any CPU
	EndGlobalSection
	GlobalSection(ProjectConfigurationPlatforms) = postSolution
		{45FEFA79-4733-4C8A-AD67-59A6702B9BD2}.Debug|Any CPU.ActiveCfg = Debug|Any CPU
		{45FEFA79-4733-4C8A-AD67-59A6702B9BD2}.Debug|Any CPU.Build.0 = Debug|Any CPU
		{45FEFA79-4733-4C8A-AD67-59A6702B9BD2}.Release|Any CPU.ActiveCfg = Release|Any CPU
		{45FEFA79-4733-4C8A-AD67-59A6702B9BD2}.Release|Any CPU.Build.0 = Release|Any CPU
		{8D04B04F-1D7F-4F46-AF4F-A67B6C594DC9}.Debug|Any CPU.ActiveCfg = Debug|Any CPU
		{8D04B04F-1D7F-4F46-AF4F-A67B6C594DC9}.Debug|Any CPU.Build.0 = Debug|Any CPU
		{8D04B04F-1D7F-4F46-AF4F-A67B6C594DC9}.Release|Any CPU.ActiveCfg = Release|Any CPU
		{8D04B04F-1D7F-4F46-AF4F-A67B6C594DC9}.Release|Any CPU.Build.0 = Release|Any CPU
	EndGlobalSection
	GlobalSection(SolutionProperties) = preSolution
		HideSolutionNode = FALSE
	EndGlobalSection
	GlobalSection(ExtensibilityGlobals) = postSolution
		SolutionGuid = {AAE748A4-57FF-4FF7-BEBC-E52234B46B38}
	EndGlobalSection
EndGlobal
